
Microsoft Visual Studio Solution File, Format Version 12.00
# Visual Studio Version 16
VisualStudioVersion = 16.0.29123.88
MinimumVisualStudioVersion = 10.0.40219.1
Project("{9A19103F-16F7-4668-BE54-9A1E7A4F7556}") = "AWS.Lambda.Notifier", "AWS.Lambda.Notifier.csproj", "{9F6E50EF-B955-4CFD-B5FF-63F9277E21F7}"
EndProject
Global
	GlobalSection(SolutionConfigurationPlatforms) = preSolution
		Debug|Any CPU = Debug|Any CPU
		Release|Any CPU = Release|Any CPU
	EndGlobalSection
	GlobalSection(ProjectConfigurationPlatforms) = postSolution
		{9F6E50EF-B955-4CFD-B5FF-63F9277E21F7}.Debug|Any CPU.ActiveCfg = Debug|Any CPU
		{9F6E50EF-B955-4CFD-B5FF-63F9277E21F7}.Debug|Any CPU.Build.0 = Debug|Any CPU
		{9F6E50EF-B955-4CFD-B5FF-63F9277E21F7}.Release|Any CPU.ActiveCfg = Release|Any CPU
		{9F6E50EF-B955-4CFD-B5FF-63F9277E21F7}.Release|Any CPU.Build.0 = Release|Any CPU
	EndGlobalSection
	GlobalSection(SolutionProperties) = preSolution
		HideSolutionNode = FALSE
	EndGlobalSection
	GlobalSection(ExtensibilityGlobals) = postSolution
		SolutionGuid = {23F5FE09-C2F7-42A0-BEF5-6FFC15F01FA8}
	EndGlobalSection
EndGlobal
